
Microsoft Visual Studio Solution File, Format Version 12.00
# Visual Studio Version 17
VisualStudioVersion = 17.5.002.0
MinimumVisualStudioVersion = 10.0.40219.1
Project("{9A19103F-16F7-4668-BE54-9A1E7A4F7556}") = "Disposable_GarbageCollector", "Disposable_GarbageCollector.csproj", "{F561CEA9-BD87-408B-B35C-D92D4A84407B}"
EndProject
Global
	GlobalSection(SolutionConfigurationPlatforms) = preSolution
		Debug|Any CPU = Debug|Any CPU
		Release|Any CPU = Release|Any CPU
	EndGlobalSection
	GlobalSection(ProjectConfigurationPlatforms) = postSolution
		{F561CEA9-BD87-408B-B35C-D92D4A84407B}.Debug|Any CPU.ActiveCfg = Debug|Any CPU
		{F561CEA9-BD87-408B-B35C-D92D4A84407B}.Debug|Any CPU.Build.0 = Debug|Any CPU
		{F561CEA9-BD87-408B-B35C-D92D4A84407B}.Release|Any CPU.ActiveCfg = Release|Any CPU
		{F561CEA9-BD87-408B-B35C-D92D4A84407B}.Release|Any CPU.Build.0 = Release|Any CPU
	EndGlobalSection
	GlobalSection(SolutionProperties) = preSolution
		HideSolutionNode = FALSE
	EndGlobalSection
	GlobalSection(ExtensibilityGlobals) = postSolution
		SolutionGuid = {8B3FA600-3200-4947-9E2D-7D4B677A300D}
	EndGlobalSection
EndGlobal
