
Microsoft Visual Studio Solution File, Format Version 12.00
# Visual Studio Version 17
VisualStudioVersion = 17.0.31903.59
MinimumVisualStudioVersion = 10.0.40219.1
Project("{FAE04EC0-301F-11D3-BF4B-00C04F79EFBC}") = "Api", "Api\Api.csproj", "{4E391BF5-8026-4A36-B0B4-42B57686EC58}"
EndProject
Project("{FAE04EC0-301F-11D3-BF4B-00C04F79EFBC}") = "apitest", "apitest\apitest.csproj", "{4027DB83-3F16-4520-A760-45249CF42376}"
EndProject
Global
	GlobalSection(SolutionConfigurationPlatforms) = preSolution
		Debug|Any CPU = Debug|Any CPU
		Release|Any CPU = Release|Any CPU
	EndGlobalSection
	GlobalSection(SolutionProperties) = preSolution
		HideSolutionNode = FALSE
	EndGlobalSection
	GlobalSection(ProjectConfigurationPlatforms) = postSolution
		{4E391BF5-8026-4A36-B0B4-42B57686EC58}.Debug|Any CPU.ActiveCfg = Debug|Any CPU
		{4E391BF5-8026-4A36-B0B4-42B57686EC58}.Debug|Any CPU.Build.0 = Debug|Any CPU
		{4E391BF5-8026-4A36-B0B4-42B57686EC58}.Release|Any CPU.ActiveCfg = Release|Any CPU
		{4E391BF5-8026-4A36-B0B4-42B57686EC58}.Release|Any CPU.Build.0 = Release|Any CPU
		{4027DB83-3F16-4520-A760-45249CF42376}.Debug|Any CPU.ActiveCfg = Debug|Any CPU
		{4027DB83-3F16-4520-A760-45249CF42376}.Debug|Any CPU.Build.0 = Debug|Any CPU
		{4027DB83-3F16-4520-A760-45249CF42376}.Release|Any CPU.ActiveCfg = Release|Any CPU
		{4027DB83-3F16-4520-A760-45249CF42376}.Release|Any CPU.Build.0 = Release|Any CPU
	EndGlobalSection
EndGlobal
